
Microsoft Visual Studio Solution File, Format Version 12.00
# Visual Studio Version 16
VisualStudioVersion = 16.0.28803.452
MinimumVisualStudioVersion = 10.0.40219.1
Project("{FAE04EC0-301F-11D3-BF4B-00C04F79EFBC}") = "MSBA", "MSBA\MSBA.csproj", "{BF9199F2-FA9B-4F93-AA49-FAF33737C0F4}"
EndProject
Global
	GlobalSection(SolutionConfigurationPlatforms) = preSolution
		Debug|Any CPU = Debug|Any CPU
		Release|Any CPU = Release|Any CPU
	EndGlobalSection
	GlobalSection(ProjectConfigurationPlatforms) = postSolution
		{BF9199F2-FA9B-4F93-AA49-FAF33737C0F4}.Debug|Any CPU.ActiveCfg = Debug|Any CPU
		{BF9199F2-FA9B-4F93-AA49-FAF33737C0F4}.Debug|Any CPU.Build.0 = Debug|Any CPU
		{BF9199F2-FA9B-4F93-AA49-FAF33737C0F4}.Release|Any CPU.ActiveCfg = Release|Any CPU
		{BF9199F2-FA9B-4F93-AA49-FAF33737C0F4}.Release|Any CPU.Build.0 = Release|Any CPU
	EndGlobalSection
	GlobalSection(SolutionProperties) = preSolution
		HideSolutionNode = FALSE
	EndGlobalSection
	GlobalSection(ExtensibilityGlobals) = postSolution
		SolutionGuid = {6501C5C6-D020-4E84-801E-F0B06C57C8F0}
	EndGlobalSection
EndGlobal
